
Microsoft Visual Studio Solution File, Format Version 12.00
# Visual Studio Version 17
VisualStudioVersion = 17.4.33103.184
MinimumVisualStudioVersion = 10.0.40219.1
Project("{9A19103F-16F7-4668-BE54-9A1E7A4F7556}") = "DATA", "DATA\DATA.csproj", "{32E5CD0C-68FD-491A-A538-942DD8D2E36E}"
EndProject
Project("{FAE04EC0-301F-11D3-BF4B-00C04F79EFBC}") = "API", "API\API.csproj", "{738F4550-FFD7-4BAB-A624-E55F69E6DC50}"
EndProject
Global
	GlobalSection(SolutionConfigurationPlatforms) = preSolution
		Debug|Any CPU = Debug|Any CPU
		Release|Any CPU = Release|Any CPU
	EndGlobalSection
	GlobalSection(ProjectConfigurationPlatforms) = postSolution
		{32E5CD0C-68FD-491A-A538-942DD8D2E36E}.Debug|Any CPU.ActiveCfg = Debug|Any CPU
		{32E5CD0C-68FD-491A-A538-942DD8D2E36E}.Debug|Any CPU.Build.0 = Debug|Any CPU
		{32E5CD0C-68FD-491A-A538-942DD8D2E36E}.Release|Any CPU.ActiveCfg = Release|Any CPU
		{32E5CD0C-68FD-491A-A538-942DD8D2E36E}.Release|Any CPU.Build.0 = Release|Any CPU
		{738F4550-FFD7-4BAB-A624-E55F69E6DC50}.Debug|Any CPU.ActiveCfg = Debug|Any CPU
		{738F4550-FFD7-4BAB-A624-E55F69E6DC50}.Debug|Any CPU.Build.0 = Debug|Any CPU
		{738F4550-FFD7-4BAB-A624-E55F69E6DC50}.Release|Any CPU.ActiveCfg = Release|Any CPU
		{738F4550-FFD7-4BAB-A624-E55F69E6DC50}.Release|Any CPU.Build.0 = Release|Any CPU
	EndGlobalSection
	GlobalSection(SolutionProperties) = preSolution
		HideSolutionNode = FALSE
	EndGlobalSection
	GlobalSection(ExtensibilityGlobals) = postSolution
		SolutionGuid = {30C402D2-EF7F-4152-B353-21DB071D7A3B}
	EndGlobalSection
EndGlobal
